{
  "requires": true,
  "lockfileVersion": 1,
  "dependencies": {
    "@paralect/node-mongo": {
      "version": "2.0.0-beta.0",
      "resolved": "https://registry.npmjs.org/@paralect/node-mongo/-/node-mongo-2.0.0-beta.0.tgz",
      "integrity": "sha512-0dsR45z3JSWCNl0MxGTWJ0MiNfs3DOfi6TVzlsNXaj1b4ERQKFewFUSNiJsKX4nFkYtZUUT8peZCXIhNo4dZjQ=="
    },
    "base-64": {
      "version": "0.1.0",
      "resolved": "https://registry.npmjs.org/base-64/-/base-64-0.1.0.tgz",
      "integrity": "sha1-eAqZyE59YAJgNhURxId2E78k9rs="
    },
    "colors": {
      "version": "1.4.0",
      "resolved": "https://registry.npmjs.org/colors/-/colors-1.4.0.tgz",
      "integrity": "sha512-a+UqTh4kgZg/SlGvfbzDHpgRu7AAQOmmqRHJnxhRZICKFUT91brVhNNt58CMWU9PsBbv3PDCZUHbVxuDiH2mtA=="
    },
    "config": {
      "version": "3.2.4",
      "resolved": "https://registry.npmjs.org/config/-/config-3.2.4.tgz",
      "integrity": "sha512-H1XIGfnU1EAkfjSLn9ZvYDRx9lOezDViuzLDgiJ/lMeqjYe3q6iQfpcLt2NInckJgpAeekbNhQkmnnbdEDs9rw=="
    },
    "mail": {
      "version": "0.2.3",
      "resolved": "https://registry.npmjs.org/mail/-/mail-0.2.3.tgz",
      "integrity": "sha1-Ht3+dLs41+v/YhGqkDumvq+W7CQ="
    },
    "minimist": {
      "version": "1.2.6",
      "resolved": "https://registry.npmjs.org/minimist/-/minimist-1.2.6.tgz",
      "integrity": "sha512-Jsjnk4bw3YJqYzbdyBiNsPWHPfO++UGG749Cxs6peCu5Xg4nrena6OVxOYxrQTqww0Jmwt+Ref8rggumkTLz9Q=="
    },
    "nodemailer": {
      "version": "6.4.2",
      "resolved": "https://registry.npmjs.org/nodemailer/-/nodemailer-6.4.2.tgz",
      "integrity": "sha512-g0n4nH1ONGvqYo1v72uSWvF/MRNnnq1LzmSzXb/6EPF3LFb51akOhgG3K2+aETAsJx90/Q5eFNTntu4vBCwyQQ=="
    },
    "pkg": {
      "version": "4.4.2",
      "resolved": "https://registry.npmjs.org/pkg/-/pkg-4.4.2.tgz",
      "integrity": "sha512-FEFX43fzHVyEl7fBTTaKxjN3OsWowNfcDGO7+NaxfUsMTMvy8aQX6DscjgoTNnbOehObRK/UqMUGKXt3mvnArg=="
    },
    "tableify": {
      "version": "1.1.0",
      "resolved": "https://registry.npmjs.org/tableify/-/tableify-1.1.0.tgz",
      "integrity": "sha1-X/ERI0CavCgdQOzb1BSJ0/MIWTY="
    },
    "yargs": {
      "version": "15.0.2",
      "resolved": "https://registry.npmjs.org/yargs/-/yargs-15.0.2.tgz",
      "integrity": "sha512-GH/X/hYt+x5hOat4LMnCqMd8r5Cv78heOMIJn1hr7QPPBqfeC6p89Y78+WB9yGDvfpCvgasfmWLzNzEioOUD9Q=="
    }
  }
}
